
Microsoft Visual Studio Solution File, Format Version 12.00
# Visual Studio Version 17
VisualStudioVersion = 17.9.34616.47
MinimumVisualStudioVersion = 10.0.40219.1
Project("{9A19103F-16F7-4668-BE54-9A1E7A4F7556}") = "20T1020433KLTN.DomainModels", "20T1020433KLTN.Domain\20T1020433KLTN.DomainModels.csproj", "{8C3BE809-29A0-468B-A3F2-FB0A18D34C4C}"
EndProject
Project("{9A19103F-16F7-4668-BE54-9A1E7A4F7556}") = "20T1020433KLTN.Infrastructure", "20T1020433KLTN.Infrastructure\20T1020433KLTN.Infrastructure.csproj", "{7541E02F-3026-4BA5-973C-D84420156612}"
EndProject
Project("{9A19103F-16F7-4668-BE54-9A1E7A4F7556}") = "20T1020433KLTN.Application", "20T1020433KLTN.Presentation\20T1020433KLTN.Application.csproj", "{9B3FF129-ED81-4305-A679-68BB9EFB22FF}"
EndProject
Project("{2150E333-8FDC-42A3-9474-1A3956D46DE8}") = "Libraries", "Libraries", "{585A813B-7C68-41B2-B18A-3F9791868406}"
EndProject
Project("{2150E333-8FDC-42A3-9474-1A3956D46DE8}") = "Application", "Application", "{29C08E66-49A5-4116-9A81-74BD0B5C048D}"
EndProject
Project("{2150E333-8FDC-42A3-9474-1A3956D46DE8}") = "3sDDD", "3sDDD", "{DD79689B-6B44-4ED3-9981-ADC729E7A229}"
EndProject
Project("{9A19103F-16F7-4668-BE54-9A1E7A4F7556}") = "20T1020433KLTN.DataLayers", "DataLayers\20T1020433KLTN.DataLayers.csproj", "{C06B30E2-5A61-4B23-B6A3-BE290A2E2D6A}"
EndProject
Project("{9A19103F-16F7-4668-BE54-9A1E7A4F7556}") = "20T1020433KLTN.BusinessLayers", "BussinessLayers\20T1020433KLTN.BusinessLayers.csproj", "{CDDEE81C-33DB-455A-BFE6-029CFB806A8E}"
EndProject
Global
	GlobalSection(SolutionConfigurationPlatforms) = preSolution
		Debug|Any CPU = Debug|Any CPU
		Release|Any CPU = Release|Any CPU
	EndGlobalSection
	GlobalSection(ProjectConfigurationPlatforms) = postSolution
		{8C3BE809-29A0-468B-A3F2-FB0A18D34C4C}.Debug|Any CPU.ActiveCfg = Debug|Any CPU
		{8C3BE809-29A0-468B-A3F2-FB0A18D34C4C}.Debug|Any CPU.Build.0 = Debug|Any CPU
		{8C3BE809-29A0-468B-A3F2-FB0A18D34C4C}.Release|Any CPU.ActiveCfg = Release|Any CPU
		{8C3BE809-29A0-468B-A3F2-FB0A18D34C4C}.Release|Any CPU.Build.0 = Release|Any CPU
		{7541E02F-3026-4BA5-973C-D84420156612}.Debug|Any CPU.ActiveCfg = Debug|Any CPU
		{7541E02F-3026-4BA5-973C-D84420156612}.Debug|Any CPU.Build.0 = Debug|Any CPU
		{7541E02F-3026-4BA5-973C-D84420156612}.Release|Any CPU.ActiveCfg = Release|Any CPU
		{7541E02F-3026-4BA5-973C-D84420156612}.Release|Any CPU.Build.0 = Release|Any CPU
		{9B3FF129-ED81-4305-A679-68BB9EFB22FF}.Debug|Any CPU.ActiveCfg = Debug|Any CPU
		{9B3FF129-ED81-4305-A679-68BB9EFB22FF}.Debug|Any CPU.Build.0 = Debug|Any CPU
		{9B3FF129-ED81-4305-A679-68BB9EFB22FF}.Release|Any CPU.ActiveCfg = Release|Any CPU
		{9B3FF129-ED81-4305-A679-68BB9EFB22FF}.Release|Any CPU.Build.0 = Release|Any CPU
		{C06B30E2-5A61-4B23-B6A3-BE290A2E2D6A}.Debug|Any CPU.ActiveCfg = Debug|Any CPU
		{C06B30E2-5A61-4B23-B6A3-BE290A2E2D6A}.Debug|Any CPU.Build.0 = Debug|Any CPU
		{C06B30E2-5A61-4B23-B6A3-BE290A2E2D6A}.Release|Any CPU.ActiveCfg = Release|Any CPU
		{C06B30E2-5A61-4B23-B6A3-BE290A2E2D6A}.Release|Any CPU.Build.0 = Release|Any CPU
		{CDDEE81C-33DB-455A-BFE6-029CFB806A8E}.Debug|Any CPU.ActiveCfg = Debug|Any CPU
		{CDDEE81C-33DB-455A-BFE6-029CFB806A8E}.Debug|Any CPU.Build.0 = Debug|Any CPU
		{CDDEE81C-33DB-455A-BFE6-029CFB806A8E}.Release|Any CPU.ActiveCfg = Release|Any CPU
		{CDDEE81C-33DB-455A-BFE6-029CFB806A8E}.Release|Any CPU.Build.0 = Release|Any CPU
	EndGlobalSection
	GlobalSection(SolutionProperties) = preSolution
		HideSolutionNode = FALSE
	EndGlobalSection
	GlobalSection(NestedProjects) = preSolution
		{8C3BE809-29A0-468B-A3F2-FB0A18D34C4C} = {585A813B-7C68-41B2-B18A-3F9791868406}
		{7541E02F-3026-4BA5-973C-D84420156612} = {DD79689B-6B44-4ED3-9981-ADC729E7A229}
		{9B3FF129-ED81-4305-A679-68BB9EFB22FF} = {29C08E66-49A5-4116-9A81-74BD0B5C048D}
		{C06B30E2-5A61-4B23-B6A3-BE290A2E2D6A} = {585A813B-7C68-41B2-B18A-3F9791868406}
		{CDDEE81C-33DB-455A-BFE6-029CFB806A8E} = {585A813B-7C68-41B2-B18A-3F9791868406}
	EndGlobalSection
	GlobalSection(ExtensibilityGlobals) = postSolution
		SolutionGuid = {2214BEDC-0352-400A-93D2-DC9081D137F0}
	EndGlobalSection
EndGlobal
