
Microsoft Visual Studio Solution File, Format Version 12.00
# Visual Studio Version 17
VisualStudioVersion = 17.9.34616.47
MinimumVisualStudioVersion = 10.0.40219.1
Project("{2150E333-8FDC-42A3-9474-1A3956D46DE8}") = "Libraries", "Libraries", "{585A813B-7C68-41B2-B18A-3F9791868406}"
EndProject
Project("{2150E333-8FDC-42A3-9474-1A3956D46DE8}") = "Application", "Application", "{29C08E66-49A5-4116-9A81-74BD0B5C048D}"
EndProject
Project("{2150E333-8FDC-42A3-9474-1A3956D46DE8}") = "3sDDD", "3sDDD", "{DD79689B-6B44-4ED3-9981-ADC729E7A229}"
EndProject
Project("{9A19103F-16F7-4668-BE54-9A1E7A4F7556}") = "KLTN20T1020433.Web", "KLTN20T1020433.Web\KLTN20T1020433.Web.csproj", "{469F5F5A-3258-420D-8538-690678A8926A}"
EndProject
Project("{9A19103F-16F7-4668-BE54-9A1E7A4F7556}") = "KLTN20T1020433.BusinessLayers", "KLTN20T1020433.BussinessLayers\KLTN20T1020433.BusinessLayers.csproj", "{17216C9E-5A3A-4074-9A63-454740C8B80E}"
EndProject
Project("{9A19103F-16F7-4668-BE54-9A1E7A4F7556}") = "KLTN20T1020433.DataLayers", "KLTN20T1020433.DataLayers\KLTN20T1020433.DataLayers.csproj", "{C653E90F-9CC9-4354-A80A-06527E9402F0}"
EndProject
Project("{9A19103F-16F7-4668-BE54-9A1E7A4F7556}") = "KLTN20T1020433.DomainModels", "KLTN20T1020433.DomainModels\KLTN20T1020433.DomainModels.csproj", "{ABD6A114-678E-4D94-A1D9-98B568DA52BB}"
EndProject
Project("{9A19103F-16F7-4668-BE54-9A1E7A4F7556}") = "20T1020433KLTN.Infrastructure", "KLTN20T1020433.Infrastructure\20T1020433KLTN.Infrastructure.csproj", "{8487B115-99B0-4023-9047-23F4F299E861}"
EndProject
Global
	GlobalSection(SolutionConfigurationPlatforms) = preSolution
		Debug|Any CPU = Debug|Any CPU
		Release|Any CPU = Release|Any CPU
	EndGlobalSection
	GlobalSection(ProjectConfigurationPlatforms) = postSolution
		{469F5F5A-3258-420D-8538-690678A8926A}.Debug|Any CPU.ActiveCfg = Debug|Any CPU
		{469F5F5A-3258-420D-8538-690678A8926A}.Debug|Any CPU.Build.0 = Debug|Any CPU
		{469F5F5A-3258-420D-8538-690678A8926A}.Release|Any CPU.ActiveCfg = Release|Any CPU
		{469F5F5A-3258-420D-8538-690678A8926A}.Release|Any CPU.Build.0 = Release|Any CPU
		{17216C9E-5A3A-4074-9A63-454740C8B80E}.Debug|Any CPU.ActiveCfg = Debug|Any CPU
		{17216C9E-5A3A-4074-9A63-454740C8B80E}.Debug|Any CPU.Build.0 = Debug|Any CPU
		{17216C9E-5A3A-4074-9A63-454740C8B80E}.Release|Any CPU.ActiveCfg = Release|Any CPU
		{17216C9E-5A3A-4074-9A63-454740C8B80E}.Release|Any CPU.Build.0 = Release|Any CPU
		{C653E90F-9CC9-4354-A80A-06527E9402F0}.Debug|Any CPU.ActiveCfg = Debug|Any CPU
		{C653E90F-9CC9-4354-A80A-06527E9402F0}.Debug|Any CPU.Build.0 = Debug|Any CPU
		{C653E90F-9CC9-4354-A80A-06527E9402F0}.Release|Any CPU.ActiveCfg = Release|Any CPU
		{C653E90F-9CC9-4354-A80A-06527E9402F0}.Release|Any CPU.Build.0 = Release|Any CPU
		{ABD6A114-678E-4D94-A1D9-98B568DA52BB}.Debug|Any CPU.ActiveCfg = Debug|Any CPU
		{ABD6A114-678E-4D94-A1D9-98B568DA52BB}.Debug|Any CPU.Build.0 = Debug|Any CPU
		{ABD6A114-678E-4D94-A1D9-98B568DA52BB}.Release|Any CPU.ActiveCfg = Release|Any CPU
		{ABD6A114-678E-4D94-A1D9-98B568DA52BB}.Release|Any CPU.Build.0 = Release|Any CPU
		{8487B115-99B0-4023-9047-23F4F299E861}.Debug|Any CPU.ActiveCfg = Debug|Any CPU
		{8487B115-99B0-4023-9047-23F4F299E861}.Release|Any CPU.ActiveCfg = Release|Any CPU
		{8487B115-99B0-4023-9047-23F4F299E861}.Release|Any CPU.Build.0 = Release|Any CPU
	EndGlobalSection
	GlobalSection(SolutionProperties) = preSolution
		HideSolutionNode = FALSE
	EndGlobalSection
	GlobalSection(NestedProjects) = preSolution
		{469F5F5A-3258-420D-8538-690678A8926A} = {29C08E66-49A5-4116-9A81-74BD0B5C048D}
		{17216C9E-5A3A-4074-9A63-454740C8B80E} = {585A813B-7C68-41B2-B18A-3F9791868406}
		{C653E90F-9CC9-4354-A80A-06527E9402F0} = {585A813B-7C68-41B2-B18A-3F9791868406}
		{ABD6A114-678E-4D94-A1D9-98B568DA52BB} = {585A813B-7C68-41B2-B18A-3F9791868406}
		{8487B115-99B0-4023-9047-23F4F299E861} = {DD79689B-6B44-4ED3-9981-ADC729E7A229}
	EndGlobalSection
	GlobalSection(ExtensibilityGlobals) = postSolution
		SolutionGuid = {2214BEDC-0352-400A-93D2-DC9081D137F0}
	EndGlobalSection
EndGlobal
